
Microsoft Visual Studio Solution File, Format Version 12.00
# Visual Studio Version 17
VisualStudioVersion = 17.3.32825.248
MinimumVisualStudioVersion = 10.0.40219.1
Project("{9A19103F-16F7-4668-BE54-9A1E7A4F7556}") = "MonoTestApp", "MonoTestApp\MonoTestApp.csproj", "{6EB2A9D1-55CE-44B9-9374-5AE52C0F7305}"
EndProject
Global
	GlobalSection(SolutionConfigurationPlatforms) = preSolution
		Debug|Any CPU = Debug|Any CPU
		Release|Any CPU = Release|Any CPU
	EndGlobalSection
	GlobalSection(ProjectConfigurationPlatforms) = postSolution
		{6EB2A9D1-55CE-44B9-9374-5AE52C0F7305}.Debug|Any CPU.ActiveCfg = Debug|Any CPU
		{6EB2A9D1-55CE-44B9-9374-5AE52C0F7305}.Debug|Any CPU.Build.0 = Debug|Any CPU
		{6EB2A9D1-55CE-44B9-9374-5AE52C0F7305}.Release|Any CPU.ActiveCfg = Release|Any CPU
		{6EB2A9D1-55CE-44B9-9374-5AE52C0F7305}.Release|Any CPU.Build.0 = Release|Any CPU
	EndGlobalSection
	GlobalSection(SolutionProperties) = preSolution
		HideSolutionNode = FALSE
	EndGlobalSection
	GlobalSection(ExtensibilityGlobals) = postSolution
		SolutionGuid = {6CBBB765-1E0C-40F7-BF4B-B8E25BB8BF73}
	EndGlobalSection
EndGlobal
